
Microsoft Visual Studio Solution File, Format Version 12.00
# Visual Studio Version 17
VisualStudioVersion = 17.11.35303.130
MinimumVisualStudioVersion = 10.0.40219.1
Project("{FAE04EC0-301F-11D3-BF4B-00C04F79EFBC}") = "SignaIr-CP6", "SignaIr-CP6\SignaIr-CP6.csproj", "{4C7F7249-3A09-4787-BEDB-C146C24F5293}"
EndProject
Global
	GlobalSection(SolutionConfigurationPlatforms) = preSolution
		Debug|Any CPU = Debug|Any CPU
		Release|Any CPU = Release|Any CPU
	EndGlobalSection
	GlobalSection(ProjectConfigurationPlatforms) = postSolution
		{4C7F7249-3A09-4787-BEDB-C146C24F5293}.Debug|Any CPU.ActiveCfg = Debug|Any CPU
		{4C7F7249-3A09-4787-BEDB-C146C24F5293}.Debug|Any CPU.Build.0 = Debug|Any CPU
		{4C7F7249-3A09-4787-BEDB-C146C24F5293}.Release|Any CPU.ActiveCfg = Release|Any CPU
		{4C7F7249-3A09-4787-BEDB-C146C24F5293}.Release|Any CPU.Build.0 = Release|Any CPU
	EndGlobalSection
	GlobalSection(SolutionProperties) = preSolution
		HideSolutionNode = FALSE
	EndGlobalSection
	GlobalSection(ExtensibilityGlobals) = postSolution
		SolutionGuid = {9D5FF5C6-7839-4DE2-9C6A-6E1D5AFF14FE}
	EndGlobalSection
EndGlobal
